{
  "name": "projeto-SO2",
  "lockfileVersion": 3,
  "requires": true,
  "packages": {
    "": {
      "dependencies": {
        "primeng": "^17.15.0"
      }
    },
    "node_modules/@angular/common": {
      "version": "17.3.6",
      "resolved": "https://registry.npmjs.org/@angular/common/-/common-17.3.6.tgz",
      "integrity": "sha512-ufviCFzQQKWcwc2j3Zi8bHbwkvqh4QU6GDH0u0usOee8xd8KrjgcYl3vD0r1/yxlDsd53Wg9kNRvz/fY+5qQoQ==",
      "peer": true,
      "dependencies": {
        "tslib": "^2.3.0"
      },
      "engines": {
        "node": "^18.13.0 || >=20.9.0"
      },
      "peerDependencies": {
        "@angular/core": "17.3.6",
        "rxjs": "^6.5.3 || ^7.4.0"
      }
    },
    "node_modules/@angular/core": {
      "version": "17.3.6",
      "resolved": "https://registry.npmjs.org/@angular/core/-/core-17.3.6.tgz",
      "integrity": "sha512-8IoeZVNqyeHA+H2dR3VFfz76/TFN1BpXP0aABs2aIUNVQRYlKxALSm1UlavijX8IT0uvd/6GXwE3WgymTcg0wg==",
      "peer": true,
      "dependencies": {
        "tslib": "^2.3.0"
      },
      "engines": {
        "node": "^18.13.0 || >=20.9.0"
      },
      "peerDependencies": {
        "rxjs": "^6.5.3 || ^7.4.0",
        "zone.js": "~0.14.0"
      }
    },
    "node_modules/@angular/forms": {
      "version": "17.3.6",
      "resolved": "https://registry.npmjs.org/@angular/forms/-/forms-17.3.6.tgz",
      "integrity": "sha512-WXxWhwvgRfYLNP2dB4Qe83tavEh2LnS4H0uoiecWHXijW2R9z8304X1vEyS1EtQK7o/s8fCVDVDjeY+hxLnCLw==",
      "peer": true,
      "dependencies": {
        "tslib": "^2.3.0"
      },
      "engines": {
        "node": "^18.13.0 || >=20.9.0"
      },
      "peerDependencies": {
        "@angular/common": "17.3.6",
        "@angular/core": "17.3.6",
        "@angular/platform-browser": "17.3.6",
        "rxjs": "^6.5.3 || ^7.4.0"
      }
    },
    "node_modules/@angular/platform-browser": {
      "version": "17.3.6",
      "resolved": "https://registry.npmjs.org/@angular/platform-browser/-/platform-browser-17.3.6.tgz",
      "integrity": "sha512-UikrgvMwtZIXp2pCP5AtkM7ibz2B5wBiGpnhhkYsqHKy9ndKVDA+3B5Z+/j9xeYYdsJAAtHl45zqILewyg+4iw==",
      "peer": true,
      "dependencies": {
        "tslib": "^2.3.0"
      },
      "engines": {
        "node": "^18.13.0 || >=20.9.0"
      },
      "peerDependencies": {
        "@angular/animations": "17.3.6",
        "@angular/common": "17.3.6",
        "@angular/core": "17.3.6"
      },
      "peerDependenciesMeta": {
        "@angular/animations": {
          "optional": true
        }
      }
    },
    "node_modules/primeng": {
      "version": "17.15.0",
      "resolved": "https://registry.npmjs.org/primeng/-/primeng-17.15.0.tgz",
      "integrity": "sha512-DzEDFVKaAjCfOmF8/Nenun7/nwNb/KY0T8LZJTFVbWok3xDB+2U01/yfhPsQMz+7aVnPFP8FHzbaI70Zt752/w==",
      "dependencies": {
        "tslib": "^2.3.0"
      },
      "peerDependencies": {
        "@angular/common": "^17.0.0",
        "@angular/core": "^17.0.0",
        "@angular/forms": "^17.0.0",
        "rxjs": "^6.0.0 || ^7.8.1",
        "zone.js": "~0.14.0"
      }
    },
    "node_modules/rxjs": {
      "version": "7.8.1",
      "resolved": "https://registry.npmjs.org/rxjs/-/rxjs-7.8.1.tgz",
      "integrity": "sha512-AA3TVj+0A2iuIoQkWEK/tqFjBq2j+6PO6Y0zJcvzLAFhEFIO3HL0vls9hWLncZbAAbK0mar7oZ4V079I/qPMxg==",
      "peer": true,
      "dependencies": {
        "tslib": "^2.1.0"
      }
    },
    "node_modules/tslib": {
      "version": "2.6.2",
      "resolved": "https://registry.npmjs.org/tslib/-/tslib-2.6.2.tgz",
      "integrity": "sha512-AEYxH93jGFPn/a2iVAwW87VuUIkR1FVUKB77NwMF7nBTDkDrrT/Hpt/IrCJ0QXhW27jTBDcf5ZY7w6RiqTMw2Q=="
    },
    "node_modules/zone.js": {
      "version": "0.14.5",
      "resolved": "https://registry.npmjs.org/zone.js/-/zone.js-0.14.5.tgz",
      "integrity": "sha512-9XYWZzY6PhHOSdkYryNcMm7L8EK7a4q+GbTvxbIA2a9lMdRUpGuyaYvLDcg8D6bdn+JomSsbPcilVKg6SmUx6w==",
      "peer": true,
      "dependencies": {
        "tslib": "^2.3.0"
      }
    }
  }
}
